
Microsoft Visual Studio Solution File, Format Version 12.00
# Visual Studio Version 16
VisualStudioVersion = 16.0.31515.178
MinimumVisualStudioVersion = 10.0.40219.1
Project("{FAE04EC0-301F-11D3-BF4B-00C04F79EFBC}") = "BamBoo_SoftToothbrush", "BamBoo_SoftToothbrush\BamBoo_SoftToothbrush.csproj", "{98B8F2C0-9B60-47E1-9CA3-2CFB1F95060A}"
EndProject
Global
	GlobalSection(SolutionConfigurationPlatforms) = preSolution
		Debug|Any CPU = Debug|Any CPU
		Release|Any CPU = Release|Any CPU
	EndGlobalSection
	GlobalSection(ProjectConfigurationPlatforms) = postSolution
		{98B8F2C0-9B60-47E1-9CA3-2CFB1F95060A}.Debug|Any CPU.ActiveCfg = Debug|Any CPU
		{98B8F2C0-9B60-47E1-9CA3-2CFB1F95060A}.Debug|Any CPU.Build.0 = Debug|Any CPU
		{98B8F2C0-9B60-47E1-9CA3-2CFB1F95060A}.Release|Any CPU.ActiveCfg = Release|Any CPU
		{98B8F2C0-9B60-47E1-9CA3-2CFB1F95060A}.Release|Any CPU.Build.0 = Release|Any CPU
	EndGlobalSection
	GlobalSection(SolutionProperties) = preSolution
		HideSolutionNode = FALSE
	EndGlobalSection
	GlobalSection(ExtensibilityGlobals) = postSolution
		SolutionGuid = {1880D2FF-B9F2-4482-99EA-C28F5B6A1321}
	EndGlobalSection
EndGlobal
